// !$*UTF8*$!
{
	archiveVersion = 1;
	classes = {
	};
	objectVersion = 46;
	objects = {

/* Begin PBXBuildFile section */
		503FAC6B1B5B281F0091D388 /* AppDelegate.swift in Sources */ = {isa = PBXBuildFile; fileRef = 503FAC6A1B5B281F0091D388 /* AppDelegate.swift */; };
		503FAC6D1B5B281F0091D388 /* ViewController.swift in Sources */ = {isa = PBXBuildFile; fileRef = 503FAC6C1B5B281F0091D388 /* ViewController.swift */; };
		503FAC701B5B28200091D388 /* Main.storyboard in Resources */ = {isa = PBXBuildFile; fileRef = 503FAC6E1B5B28200091D388 /* Main.storyboard */; };
		503FAC721B5B28200091D388 /* Images.xcassets in Resources */ = {isa = PBXBuildFile; fileRef = 503FAC711B5B28200091D388 /* Images.xcassets */; };
		503FAC751B5B28200091D388 /* LaunchScreen.xib in Resources */ = {isa = PBXBuildFile; fileRef = 503FAC731B5B28200091D388 /* LaunchScreen.xib */; };
		503FAC811B5B28210091D388 /* CustomSliderDemoTests.swift in Sources */ = {isa = PBXBuildFile; fileRef = 503FAC801B5B28210091D388 /* CustomSliderDemoTests.swift */; };
		5076F2D11B5B4A2000FF6D24 /* RangeSlider.swift in Sources */ = {isa = PBXBuildFile; fileRef = 5076F2CE1B5B4A2000FF6D24 /* RangeSlider.swift */; };
		5076F2D21B5B4A2000FF6D24 /* RangeSliderThumbLayer.swift in Sources */ = {isa = PBXBuildFile; fileRef = 5076F2CF1B5B4A2000FF6D24 /* RangeSliderThumbLayer.swift */; };
		5076F2D31B5B4A2000FF6D24 /* RangeSliderTrackLayer.swift in Sources */ = {isa = PBXBuildFile; fileRef = 5076F2D01B5B4A2000FF6D24 /* RangeSliderTrackLayer.swift */; };
/* End PBXBuildFile section */

/* Begin PBXContainerItemProxy section */
		503FAC7B1B5B28200091D388 /* PBXContainerItemProxy */ = {
			isa = PBXContainerItemProxy;
			containerPortal = 503FAC5D1B5B281D0091D388 /* Project object */;
			proxyType = 1;
			remoteGlobalIDString = 503FAC641B5B281E0091D388;
			remoteInfo = CustomSliderDemo;
		};
/* End PBXContainerItemProxy section */

/* Begin PBXFileReference section */
		503FAC651B5B281F0091D388 /* CustomSliderDemo.app */ = {isa = PBXFileReference; explicitFileType = wrapper.application; includeInIndex = 0; path = CustomSliderDemo.app; sourceTree = BUILT_PRODUCTS_DIR; };
		503FAC691B5B281F0091D388 /* Info.plist */ = {isa = PBXFileReference; lastKnownFileType = text.plist.xml; path = Info.plist; sourceTree = "<group>"; };
		503FAC6A1B5B281F0091D388 /* AppDelegate.swift */ = {isa = PBXFileReference; lastKnownFileType = sourcecode.swift; path = AppDelegate.swift; sourceTree = "<group>"; };
		503FAC6C1B5B281F0091D388 /* ViewController.swift */ = {isa = PBXFileReference; lastKnownFileType = sourcecode.swift; path = ViewController.swift; sourceTree = "<group>"; };
		503FAC6F1B5B28200091D388 /* Base */ = {isa = PBXFileReference; lastKnownFileType = file.storyboard; name = Base; path = Base.lproj/Main.storyboard; sourceTree = "<group>"; };
		503FAC711B5B28200091D388 /* Images.xcassets */ = {isa = PBXFileReference; lastKnownFileType = folder.assetcatalog; path = Images.xcassets; sourceTree = "<group>"; };
		503FAC741B5B28200091D388 /* Base */ = {isa = PBXFileReference; lastKnownFileType = file.xib; name = Base; path = Base.lproj/LaunchScreen.xib; sourceTree = "<group>"; };
		503FAC7A1B5B28200091D388 /* CustomSliderDemoTests.xctest */ = {isa = PBXFileReference; explicitFileType = wrapper.cfbundle; includeInIndex = 0; path = CustomSliderDemoTests.xctest; sourceTree = BUILT_PRODUCTS_DIR; };
		503FAC7F1B5B28200091D388 /* Info.plist */ = {isa = PBXFileReference; lastKnownFileType = text.plist.xml; path = Info.plist; sourceTree = "<group>"; };
		503FAC801B5B28210091D388 /* CustomSliderDemoTests.swift */ = {isa = PBXFileReference; lastKnownFileType = sourcecode.swift; path = CustomSliderDemoTests.swift; sourceTree = "<group>"; };
		5076F2CE1B5B4A2000FF6D24 /* RangeSlider.swift */ = {isa = PBXFileReference; fileEncoding = 4; lastKnownFileType = sourcecode.swift; path = RangeSlider.swift; sourceTree = "<group>"; };
		5076F2CF1B5B4A2000FF6D24 /* RangeSliderThumbLayer.swift */ = {isa = PBXFileReference; fileEncoding = 4; lastKnownFileType = sourcecode.swift; path = RangeSliderThumbLayer.swift; sourceTree = "<group>"; };
		5076F2D01B5B4A2000FF6D24 /* RangeSliderTrackLayer.swift */ = {isa = PBXFileReference; fileEncoding = 4; lastKnownFileType = sourcecode.swift; path = RangeSliderTrackLayer.swift; sourceTree = "<group>"; };
/* End PBXFileReference section */

/* Begin PBXFrameworksBuildPhase section */
		503FAC621B5B281E0091D388 /* Frameworks */ = {
			isa = PBXFrameworksBuildPhase;
			buildActionMask = 2147483647;
			files = (
			);
			runOnlyForDeploymentPostprocessing = 0;
		};
		503FAC771B5B28200091D388 /* Frameworks */ = {
			isa = PBXFrameworksBuildPhase;
			buildActionMask = 2147483647;
			files = (
			);
			runOnlyForDeploymentPostprocessing = 0;
		};
/* End PBXFrameworksBuildPhase section */

/* Begin PBXGroup section */
		503FAC5C1B5B281D0091D388 = {
			isa = PBXGroup;
			children = (
				503FAC671B5B281F0091D388 /* CustomSliderDemo */,
				503FAC7D1B5B28200091D388 /* CustomSliderDemoTests */,
				503FAC661B5B281F0091D388 /* Products */,
			);
			sourceTree = "<group>";
		};
		503FAC661B5B281F0091D388 /* Products */ = {
			isa = PBXGroup;
			children = (
				503FAC651B5B281F0091D388 /* CustomSliderDemo.app */,
				503FAC7A1B5B28200091D388 /* CustomSliderDemoTests.xctest */,
			);
			name = Products;
			sourceTree = "<group>";
		};
		503FAC671B5B281F0091D388 /* CustomSliderDemo */ = {
			isa = PBXGroup;
			children = (
				503FAC6A1B5B281F0091D388 /* AppDelegate.swift */,
				503FAC6C1B5B281F0091D388 /* ViewController.swift */,
				503FAC6E1B5B28200091D388 /* Main.storyboard */,
				503FAC711B5B28200091D388 /* Images.xcassets */,
				503FAC731B5B28200091D388 /* LaunchScreen.xib */,
				503FAC681B5B281F0091D388 /* Supporting Files */,
			);
			path = CustomSliderDemo;
			sourceTree = "<group>";
		};
		503FAC681B5B281F0091D388 /* Supporting Files */ = {
			isa = PBXGroup;
			children = (
				5076F2CD1B5B4A0000FF6D24 /* RangeSliderLib */,
				503FAC691B5B281F0091D388 /* Info.plist */,
			);
			name = "Supporting Files";
			sourceTree = "<group>";
		};
		503FAC7D1B5B28200091D388 /* CustomSliderDemoTests */ = {
			isa = PBXGroup;
			children = (
				503FAC801B5B28210091D388 /* CustomSliderDemoTests.swift */,
				503FAC7E1B5B28200091D388 /* Supporting Files */,
			);
			path = CustomSliderDemoTests;
			sourceTree = "<group>";
		};
		503FAC7E1B5B28200091D388 /* Supporting Files */ = {
			isa = PBXGroup;
			children = (
				503FAC7F1B5B28200091D388 /* Info.plist */,
			);
			name = "Supporting Files";
			sourceTree = "<group>";
		};
		5076F2CD1B5B4A0000FF6D24 /* RangeSliderLib */ = {
			isa = PBXGroup;
			children = (
				5076F2CE1B5B4A2000FF6D24 /* RangeSlider.swift */,
				5076F2CF1B5B4A2000FF6D24 /* RangeSliderThumbLayer.swift */,
				5076F2D01B5B4A2000FF6D24 /* RangeSliderTrackLayer.swift */,
			);
			path = RangeSliderLib;
			sourceTree = "<group>";
		};
/* End PBXGroup section */

/* Begin PBXNativeTarget section */
		503FAC641B5B281E0091D388 /* CustomSliderDemo */ = {
			isa = PBXNativeTarget;
			buildConfigurationList = 503FAC841B5B28210091D388 /* Build configuration list for PBXNativeTarget "CustomSliderDemo" */;
			buildPhases = (
				503FAC611B5B281E0091D388 /* Sources */,
				503FAC621B5B281E0091D388 /* Frameworks */,
				503FAC631B5B281E0091D388 /* Resources */,
			);
			buildRules = (
			);
			dependencies = (
			);
			name = CustomSliderDemo;
			productName = CustomSliderDemo;
			productReference = 503FAC651B5B281F0091D388 /* CustomSliderDemo.app */;
			productType = "com.apple.product-type.application";
		};
		503FAC791B5B28200091D388 /* CustomSliderDemoTests */ = {
			isa = PBXNativeTarget;
			buildConfigurationList = 503FAC871B5B28210091D388 /* Build configuration list for PBXNativeTarget "CustomSliderDemoTests" */;
			buildPhases = (
				503FAC761B5B28200091D388 /* Sources */,
				503FAC771B5B28200091D388 /* Frameworks */,
				503FAC781B5B28200091D388 /* Resources */,
			);
			buildRules = (
			);
			dependencies = (
				503FAC7C1B5B28200091D388 /* PBXTargetDependency */,
			);
			name = CustomSliderDemoTests;
			productName = CustomSliderDemoTests;
			productReference = 503FAC7A1B5B28200091D388 /* CustomSliderDemoTests.xctest */;
			productType = "com.apple.product-type.bundle.unit-test";
		};
/* End PBXNativeTarget section */

/* Begin PBXProject section */
		503FAC5D1B5B281D0091D388 /* Project object */ = {
			isa = PBXProject;
			attributes = {
				LastUpgradeCheck = 0630;
				ORGANIZATIONNAME = qingjiezhao;
				TargetAttributes = {
					503FAC641B5B281E0091D388 = {
						CreatedOnToolsVersion = 6.3.1;
					};
					503FAC791B5B28200091D388 = {
						CreatedOnToolsVersion = 6.3.1;
						TestTargetID = 503FAC641B5B281E0091D388;
					};
				};
			};
			buildConfigurationList = 503FAC601B5B281E0091D388 /* Build configuration list for PBXProject "CustomSliderDemo" */;
			compatibilityVersion = "Xcode 3.2";
			developmentRegion = English;
			hasScannedForEncodings = 0;
			knownRegions = (
				en,
				Base,
			);
			mainGroup = 503FAC5C1B5B281D0091D388;
			productRefGroup = 503FAC661B5B281F0091D388 /* Products */;
			projectDirPath = "";
			projectRoot = "";
			targets = (
				503FAC641B5B281E0091D388 /* CustomSliderDemo */,
				503FAC791B5B28200091D388 /* CustomSliderDemoTests */,
			);
		};
/* End PBXProject section */

/* Begin PBXResourcesBuildPhase section */
		503FAC631B5B281E0091D388 /* Resources */ = {
			isa = PBXResourcesBuildPhase;
			buildActionMask = 2147483647;
			files = (
				503FAC701B5B28200091D388 /* Main.storyboard in Resources */,
				503FAC751B5B28200091D388 /* LaunchScreen.xib in Resources */,
				503FAC721B5B28200091D388 /* Images.xcassets in Resources */,
			);
			runOnlyForDeploymentPostprocessing = 0;
		};
		503FAC781B5B28200091D388 /* Resources */ = {
			isa = PBXResourcesBuildPhase;
			buildActionMask = 2147483647;
			files = (
			);
			runOnlyForDeploymentPostprocessing = 0;
		};
/* End PBXResourcesBuildPhase section */

/* Begin PBXSourcesBuildPhase section */
		503FAC611B5B281E0091D388 /* Sources */ = {
			isa = PBXSourcesBuildPhase;
			buildActionMask = 2147483647;
			files = (
				5076F2D31B5B4A2000FF6D24 /* RangeSliderTrackLayer.swift in Sources */,
				503FAC6D1B5B281F0091D388 /* ViewController.swift in Sources */,
				5076F2D21B5B4A2000FF6D24 /* RangeSliderThumbLayer.swift in Sources */,
				503FAC6B1B5B281F0091D388 /* AppDelegate.swift in Sources */,
				5076F2D11B5B4A2000FF6D24 /* RangeSlider.swift in Sources */,
			);
			runOnlyForDeploymentPostprocessing = 0;
		};
		503FAC761B5B28200091D388 /* Sources */ = {
			isa = PBXSourcesBuildPhase;
			buildActionMask = 2147483647;
			files = (
				503FAC811B5B28210091D388 /* CustomSliderDemoTests.swift in Sources */,
			);
			runOnlyForDeploymentPostprocessing = 0;
		};
/* End PBXSourcesBuildPhase section */

/* Begin PBXTargetDependency section */
		503FAC7C1B5B28200091D388 /* PBXTargetDependency */ = {
			isa = PBXTargetDependency;
			target = 503FAC641B5B281E0091D388 /* CustomSliderDemo */;
			targetProxy = 503FAC7B1B5B28200091D388 /* PBXContainerItemProxy */;
		};
/* End PBXTargetDependency section */

/* Begin PBXVariantGroup section */
		503FAC6E1B5B28200091D388 /* Main.storyboard */ = {
			isa = PBXVariantGroup;
			children = (
				503FAC6F1B5B28200091D388 /* Base */,
			);
			name = Main.storyboard;
			sourceTree = "<group>";
		};
		503FAC731B5B28200091D388 /* LaunchScreen.xib */ = {
			isa = PBXVariantGroup;
			children = (
				503FAC741B5B28200091D388 /* Base */,
			);
			name = LaunchScreen.xib;
			sourceTree = "<group>";
		};
/* End PBXVariantGroup section */

/* Begin XCBuildConfiguration section */
		503FAC821B5B28210091D388 /* Debug */ = {
			isa = XCBuildConfiguration;
			buildSettings = {
				ALWAYS_SEARCH_USER_PATHS = NO;
				CLANG_CXX_LANGUAGE_STANDARD = "gnu++0x";
				CLANG_CXX_LIBRARY = "libc++";
				CLANG_ENABLE_MODULES = YES;
				CLANG_ENABLE_OBJC_ARC = YES;
				CLANG_WARN_BOOL_CONVERSION = YES;
				CLANG_WARN_CONSTANT_CONVERSION = YES;
				CLANG_WARN_DIRECT_OBJC_ISA_USAGE = YES_ERROR;
				CLANG_WARN_EMPTY_BODY = YES;
				CLANG_WARN_ENUM_CONVERSION = YES;
				CLANG_WARN_INT_CONVERSION = YES;
				CLANG_WARN_OBJC_ROOT_CLASS = YES_ERROR;
				CLANG_WARN_UNREACHABLE_CODE = YES;
				CLANG_WARN__DUPLICATE_METHOD_MATCH = YES;
				"CODE_SIGN_IDENTITY[sdk=iphoneos*]" = "iPhone Developer";
				COPY_PHASE_STRIP = NO;
				DEBUG_INFORMATION_FORMAT = "dwarf-with-dsym";
				ENABLE_STRICT_OBJC_MSGSEND = YES;
				GCC_C_LANGUAGE_STANDARD = gnu99;
				GCC_DYNAMIC_NO_PIC = NO;
				GCC_NO_COMMON_BLOCKS = YES;
				GCC_OPTIMIZATION_LEVEL = 0;
				GCC_PREPROCESSOR_DEFINITIONS = (
					"DEBUG=1",
					"$(inherited)",
				);
				GCC_SYMBOLS_PRIVATE_EXTERN = NO;
				GCC_WARN_64_TO_32_BIT_CONVERSION = YES;
				GCC_WARN_ABOUT_RETURN_TYPE = YES_ERROR;
				GCC_WARN_UNDECLARED_SELECTOR = YES;
				GCC_WARN_UNINITIALIZED_AUTOS = YES_AGGRESSIVE;
				GCC_WARN_UNUSED_FUNCTION = YES;
				GCC_WARN_UNUSED_VARIABLE = YES;
				IPHONEOS_DEPLOYMENT_TARGET = 8.3;
				MTL_ENABLE_DEBUG_INFO = YES;
				ONLY_ACTIVE_ARCH = YES;
				SDKROOT = iphoneos;
				SWIFT_OPTIMIZATION_LEVEL = "-Onone";
			};
			name = Debug;
		};
		503FAC831B5B28210091D388 /* Release */ = {
			isa = XCBuildConfiguration;
			buildSettings = {
				ALWAYS_SEARCH_USER_PATHS = NO;
				CLANG_CXX_LANGUAGE_STANDARD = "gnu++0x";
				CLANG_CXX_LIBRARY = "libc++";
				CLANG_ENABLE_MODULES = YES;
				CLANG_ENABLE_OBJC_ARC = YES;
				CLANG_WARN_BOOL_CONVERSION = YES;
				CLANG_WARN_CONSTANT_CONVERSION = YES;
				CLANG_WARN_DIRECT_OBJC_ISA_USAGE = YES_ERROR;
				CLANG_WARN_EMPTY_BODY = YES;
				CLANG_WARN_ENUM_CONVERSION = YES;
				CLANG_WARN_INT_CONVERSION = YES;
				CLANG_WARN_OBJC_ROOT_CLASS = YES_ERROR;
				CLANG_WARN_UNREACHABLE_CODE = YES;
				CLANG_WARN__DUPLICATE_METHOD_MATCH = YES;
				"CODE_SIGN_IDENTITY[sdk=iphoneos*]" = "iPhone Developer";
				COPY_PHASE_STRIP = NO;
				DEBUG_INFORMATION_FORMAT = "dwarf-with-dsym";
				ENABLE_NS_ASSERTIONS = NO;
				ENABLE_STRICT_OBJC_MSGSEND = YES;
				GCC_C_LANGUAGE_STANDARD = gnu99;
				GCC_NO_COMMON_BLOCKS = YES;
				GCC_WARN_64_TO_32_BIT_CONVERSION = YES;
				GCC_WARN_ABOUT_RETURN_TYPE = YES_ERROR;
				GCC_WARN_UNDECLARED_SELECTOR = YES;
				GCC_WARN_UNINITIALIZED_AUTOS = YES_AGGRESSIVE;
				GCC_WARN_UNUSED_FUNCTION = YES;
				GCC_WARN_UNUSED_VARIABLE = YES;
				IPHONEOS_DEPLOYMENT_TARGET = 8.3;
				MTL_ENABLE_DEBUG_INFO = NO;
				SDKROOT = iphoneos;
				VALIDATE_PRODUCT = YES;
			};
			name = Release;
		};
		503FAC851B5B28210091D388 /* Debug */ = {
			isa = XCBuildConfiguration;
			buildSettings = {
				ASSETCATALOG_COMPILER_APPICON_NAME = AppIcon;
				INFOPLIST_FILE = CustomSliderDemo/Info.plist;
				LD_RUNPATH_SEARCH_PATHS = "$(inherited) @executable_path/Frameworks";
				PRODUCT_NAME = "$(TARGET_NAME)";
			};
			name = Debug;
		};
		503FAC861B5B28210091D388 /* Release */ = {
			isa = XCBuildConfiguration;
			buildSettings = {
				ASSETCATALOG_COMPILER_APPICON_NAME = AppIcon;
				INFOPLIST_FILE = CustomSliderDemo/Info.plist;
				LD_RUNPATH_SEARCH_PATHS = "$(inherited) @executable_path/Frameworks";
				PRODUCT_NAME = "$(TARGET_NAME)";
			};
			name = Release;
		};
		503FAC881B5B28210091D388 /* Debug */ = {
			isa = XCBuildConfiguration;
			buildSettings = {
				BUNDLE_LOADER = "$(TEST_HOST)";
				FRAMEWORK_SEARCH_PATHS = (
					"$(SDKROOT)/Developer/Library/Frameworks",
					"$(inherited)",
				);
				GCC_PREPROCESSOR_DEFINITIONS = (
					"DEBUG=1",
					"$(inherited)",
				);
				INFOPLIST_FILE = CustomSliderDemoTests/Info.plist;
				LD_RUNPATH_SEARCH_PATHS = "$(inherited) @executable_path/Frameworks @loader_path/Frameworks";
				PRODUCT_NAME = "$(TARGET_NAME)";
				TEST_HOST = "$(BUILT_PRODUCTS_DIR)/CustomSliderDemo.app/CustomSliderDemo";
			};
			name = Debug;
		};
		503FAC891B5B28210091D388 /* Release */ = {
			isa = XCBuildConfiguration;
			buildSettings = {
				BUNDLE_LOADER = "$(TEST_HOST)";
				FRAMEWORK_SEARCH_PATHS = (
					"$(SDKROOT)/Developer/Library/Frameworks",
					"$(inherited)",
				);
				INFOPLIST_FILE = CustomSliderDemoTests/Info.plist;
				LD_RUNPATH_SEARCH_PATHS = "$(inherited) @executable_path/Frameworks @loader_path/Frameworks";
				PRODUCT_NAME = "$(TARGET_NAME)";
				TEST_HOST = "$(BUILT_PRODUCTS_DIR)/CustomSliderDemo.app/CustomSliderDemo";
			};
			name = Release;
		};
/* End XCBuildConfiguration section */

/* Begin XCConfigurationList section */
		503FAC601B5B281E0091D388 /* Build configuration list for PBXProject "CustomSliderDemo" */ = {
			isa = XCConfigurationList;
			buildConfigurations = (
				503FAC821B5B28210091D388 /* Debug */,
				503FAC831B5B28210091D388 /* Release */,
			);
			defaultConfigurationIsVisible = 0;
			defaultConfigurationName = Release;
		};
		503FAC841B5B28210091D388 /* Build configuration list for PBXNativeTarget "CustomSliderDemo" */ = {
			isa = XCConfigurationList;
			buildConfigurations = (
				503FAC851B5B28210091D388 /* Debug */,
				503FAC861B5B28210091D388 /* Release */,
			);
			defaultConfigurationIsVisible = 0;
			defaultConfigurationName = Release;
		};
		503FAC871B5B28210091D388 /* Build configuration list for PBXNativeTarget "CustomSliderDemoTests" */ = {
			isa = XCConfigurationList;
			buildConfigurations = (
				503FAC881B5B28210091D388 /* Debug */,
				503FAC891B5B28210091D388 /* Release */,
			);
			defaultConfigurationIsVisible = 0;
			defaultConfigurationName = Release;
		};
/* End XCConfigurationList section */
	};
	rootObject = 503FAC5D1B5B281D0091D388 /* Project object */;
}
